
Microsoft Visual Studio Solution File, Format Version 12.00
# Visual Studio Version 16
VisualStudioVersion = 16.0.34301.259
MinimumVisualStudioVersion = 10.0.40219.1
Project("{FAE04EC0-301F-11D3-BF4B-00C04F79EFBC}") = "BINGO", "BINGO\BINGO.csproj", "{B2FFED18-607A-4C53-A220-4E83F2D79602}"
EndProject
Global
	GlobalSection(SolutionConfigurationPlatforms) = preSolution
		Debug|Any CPU = Debug|Any CPU
		Release|Any CPU = Release|Any CPU
	EndGlobalSection
	GlobalSection(ProjectConfigurationPlatforms) = postSolution
		{B2FFED18-607A-4C53-A220-4E83F2D79602}.Debug|Any CPU.ActiveCfg = Debug|Any CPU
		{B2FFED18-607A-4C53-A220-4E83F2D79602}.Debug|Any CPU.Build.0 = Debug|Any CPU
		{B2FFED18-607A-4C53-A220-4E83F2D79602}.Release|Any CPU.ActiveCfg = Release|Any CPU
		{B2FFED18-607A-4C53-A220-4E83F2D79602}.Release|Any CPU.Build.0 = Release|Any CPU
	EndGlobalSection
	GlobalSection(SolutionProperties) = preSolution
		HideSolutionNode = FALSE
	EndGlobalSection
	GlobalSection(ExtensibilityGlobals) = postSolution
		SolutionGuid = {9B542F71-3D10-4260-8FDF-D6D73091FDBD}
	EndGlobalSection
EndGlobal
